Microsoft Visual Studio Solution File, Format Version 12.00
# Visual Studio Version 17
VisualStudioVersion = 17.5.2.0
MinimumVisualStudioVersion = 10.0.40219.1
Project("{2150E333-8FDC-42A3-9474-1A3956D46DE8}") = "plugins", "plugins", "{07D57EEB-2F50-60C4-C011-FE4FA775C9A8}"
EndProject
Project("{2150E333-8FDC-42A3-9474-1A3956D46DE8}") = "Build", "Build", "{DEE5DD87-39C1-BF34-B639-A387DCCF972B}"
EndProject
Project("{2150E333-8FDC-42A3-9474-1A3956D46DE8}") = "csharp", "csharp", "{FDECB3EA-C235-0ECE-9066-0767EFECF65B}"
EndProject
Project("{2150E333-8FDC-42A3-9474-1A3956D46DE8}") = "service", "service", "{7D914C01-75FA-9E92-82D4-3C039136171A}"
EndProject
Project("{2150E333-8FDC-42A3-9474-1A3956D46DE8}") = "src_csharp", "src_csharp", "{AF4D61C2-B71E-BE38-5950-782439CCE1D6}"
EndProject
Project("{FAE04EC0-301F-11D3-BF4B-00C04F79EFBC}") = "csharpservice", "plugins\csharp\service\src_csharp\csharpservice.csproj", "{23D38B20-064C-A274-616B-A87E116A69E9}"
EndProject
Project("{2150E333-8FDC-42A3-9474-1A3956D46DE8}") = "parser", "parser", "{F09082B5-68A8-D6A7-6A9C-0D853F4DF591}"
EndProject
Project("{2150E333-8FDC-42A3-9474-1A3956D46DE8}") = "src_csharp", "src_csharp", "{10CDF008-A431-7A23-2F79-7E7DC3CA6843}"
EndProject
Project("{FAE04EC0-301F-11D3-BF4B-00C04F79EFBC}") = "CSharpParser", "plugins\csharp\parser\src_csharp\CSharpParser.csproj", "{63BF2A37-8F5E-CBA4-1720-68324B8B5516}"
EndProject
Project("{2150E333-8FDC-42A3-9474-1A3956D46DE8}") = "plugins", "plugins", "{D2CF7D5B-42D7-6566-E13F-A0B3FA04C41C}"
EndProject
Project("{2150E333-8FDC-42A3-9474-1A3956D46DE8}") = "csharp", "csharp", "{37A8322D-A38C-0C2D-0DCC-F2B38490041F}"
EndProject
Project("{2150E333-8FDC-42A3-9474-1A3956D46DE8}") = "service", "service", "{584C7E52-C9BD-1FDF-01F6-05F93628661B}"
EndProject
Project("{2150E333-8FDC-42A3-9474-1A3956D46DE8}") = "src_csharp", "src_csharp", "{6E09C5FF-56B3-0BA1-5DB2-3B044FB72342}"
EndProject
Project("{FAE04EC0-301F-11D3-BF4B-00C04F79EFBC}") = "gen-netstd", "Build\plugins\csharp\service\src_csharp\gen-netstd\gen-netstd.csproj", "{623C7EF0-7B76-A1DC-FA10-8A67D757C3AA}"
EndProject
Project("{2150E333-8FDC-42A3-9474-1A3956D46DE8}") = "migrations", "migrations", "{4A738011-D202-4B48-9CAE-8B044943D997}"
EndProject
Project("{FAE04EC0-301F-11D3-BF4B-00C04F79EFBC}") = "sqliteMigrations", "plugins\csharp\migrations\sqliteMigrations\sqliteMigrations.csproj", "{4709E553-FC92-44D2-85CC-A1EFE918F70B}"
EndProject
Project("{FAE04EC0-301F-11D3-BF4B-00C04F79EFBC}") = "pgsqlMigrations", "plugins\csharp\migrations\pgsqlMigrations\pgsqlMigrations.csproj", "{AB02187B-59AB-4E35-B1C8-B835F25B9692}"
EndProject
Project("{FAE04EC0-301F-11D3-BF4B-00C04F79EFBC}") = "db_model", "plugins\csharp\db_model\db_model.csproj", "{B9532E7A-2CB8-4DEC-A0DA-672AF7D054E6}"
EndProject
Global
	GlobalSection(SolutionConfigurationPlatforms) = preSolution
		Debug|Any CPU = Debug|Any CPU
		Release|Any CPU = Release|Any CPU
	EndGlobalSection
	GlobalSection(ProjectConfigurationPlatforms) = postSolution
		{23D38B20-064C-A274-616B-A87E116A69E9}.Debug|Any CPU.ActiveCfg = Debug|Any CPU
		{23D38B20-064C-A274-616B-A87E116A69E9}.Debug|Any CPU.Build.0 = Debug|Any CPU
		{23D38B20-064C-A274-616B-A87E116A69E9}.Release|Any CPU.ActiveCfg = Release|Any CPU
		{23D38B20-064C-A274-616B-A87E116A69E9}.Release|Any CPU.Build.0 = Release|Any CPU
		{63BF2A37-8F5E-CBA4-1720-68324B8B5516}.Debug|Any CPU.ActiveCfg = Debug|Any CPU
		{63BF2A37-8F5E-CBA4-1720-68324B8B5516}.Debug|Any CPU.Build.0 = Debug|Any CPU
		{63BF2A37-8F5E-CBA4-1720-68324B8B5516}.Release|Any CPU.ActiveCfg = Release|Any CPU
		{63BF2A37-8F5E-CBA4-1720-68324B8B5516}.Release|Any CPU.Build.0 = Release|Any CPU
		{623C7EF0-7B76-A1DC-FA10-8A67D757C3AA}.Debug|Any CPU.ActiveCfg = Debug|Any CPU
		{623C7EF0-7B76-A1DC-FA10-8A67D757C3AA}.Debug|Any CPU.Build.0 = Debug|Any CPU
		{623C7EF0-7B76-A1DC-FA10-8A67D757C3AA}.Release|Any CPU.ActiveCfg = Release|Any CPU
		{623C7EF0-7B76-A1DC-FA10-8A67D757C3AA}.Release|Any CPU.Build.0 = Release|Any CPU
		{4709E553-FC92-44D2-85CC-A1EFE918F70B}.Debug|Any CPU.ActiveCfg = Debug|Any CPU
		{4709E553-FC92-44D2-85CC-A1EFE918F70B}.Debug|Any CPU.Build.0 = Debug|Any CPU
		{4709E553-FC92-44D2-85CC-A1EFE918F70B}.Release|Any CPU.ActiveCfg = Release|Any CPU
		{4709E553-FC92-44D2-85CC-A1EFE918F70B}.Release|Any CPU.Build.0 = Release|Any CPU
		{AB02187B-59AB-4E35-B1C8-B835F25B9692}.Debug|Any CPU.ActiveCfg = Debug|Any CPU
		{AB02187B-59AB-4E35-B1C8-B835F25B9692}.Debug|Any CPU.Build.0 = Debug|Any CPU
		{AB02187B-59AB-4E35-B1C8-B835F25B9692}.Release|Any CPU.ActiveCfg = Release|Any CPU
		{AB02187B-59AB-4E35-B1C8-B835F25B9692}.Release|Any CPU.Build.0 = Release|Any CPU
		{B9532E7A-2CB8-4DEC-A0DA-672AF7D054E6}.Debug|Any CPU.ActiveCfg = Debug|Any CPU
		{B9532E7A-2CB8-4DEC-A0DA-672AF7D054E6}.Debug|Any CPU.Build.0 = Debug|Any CPU
		{B9532E7A-2CB8-4DEC-A0DA-672AF7D054E6}.Release|Any CPU.ActiveCfg = Release|Any CPU
		{B9532E7A-2CB8-4DEC-A0DA-672AF7D054E6}.Release|Any CPU.Build.0 = Release|Any CPU
	EndGlobalSection
	GlobalSection(SolutionProperties) = preSolution
		HideSolutionNode = FALSE
	EndGlobalSection
	GlobalSection(NestedProjects) = preSolution
		{FDECB3EA-C235-0ECE-9066-0767EFECF65B} = {07D57EEB-2F50-60C4-C011-FE4FA775C9A8}
		{7D914C01-75FA-9E92-82D4-3C039136171A} = {FDECB3EA-C235-0ECE-9066-0767EFECF65B}
		{AF4D61C2-B71E-BE38-5950-782439CCE1D6} = {7D914C01-75FA-9E92-82D4-3C039136171A}
		{23D38B20-064C-A274-616B-A87E116A69E9} = {AF4D61C2-B71E-BE38-5950-782439CCE1D6}
		{F09082B5-68A8-D6A7-6A9C-0D853F4DF591} = {FDECB3EA-C235-0ECE-9066-0767EFECF65B}
		{10CDF008-A431-7A23-2F79-7E7DC3CA6843} = {F09082B5-68A8-D6A7-6A9C-0D853F4DF591}
		{63BF2A37-8F5E-CBA4-1720-68324B8B5516} = {10CDF008-A431-7A23-2F79-7E7DC3CA6843}
		{D2CF7D5B-42D7-6566-E13F-A0B3FA04C41C} = {DEE5DD87-39C1-BF34-B639-A387DCCF972B}
		{37A8322D-A38C-0C2D-0DCC-F2B38490041F} = {D2CF7D5B-42D7-6566-E13F-A0B3FA04C41C}
		{584C7E52-C9BD-1FDF-01F6-05F93628661B} = {37A8322D-A38C-0C2D-0DCC-F2B38490041F}
		{6E09C5FF-56B3-0BA1-5DB2-3B044FB72342} = {584C7E52-C9BD-1FDF-01F6-05F93628661B}
		{623C7EF0-7B76-A1DC-FA10-8A67D757C3AA} = {6E09C5FF-56B3-0BA1-5DB2-3B044FB72342}
		{4A738011-D202-4B48-9CAE-8B044943D997} = {FDECB3EA-C235-0ECE-9066-0767EFECF65B}
		{4709E553-FC92-44D2-85CC-A1EFE918F70B} = {4A738011-D202-4B48-9CAE-8B044943D997}
		{AB02187B-59AB-4E35-B1C8-B835F25B9692} = {4A738011-D202-4B48-9CAE-8B044943D997}
		{B9532E7A-2CB8-4DEC-A0DA-672AF7D054E6} = {FDECB3EA-C235-0ECE-9066-0767EFECF65B}
	EndGlobalSection
	GlobalSection(ExtensibilityGlobals) = postSolution
		SolutionGuid = {4DD4E593-045A-4D66-97E2-C34DF688864A}
	EndGlobalSection
EndGlobal
