
Microsoft Visual Studio Solution File, Format Version 12.00
# Visual Studio Version 16
VisualStudioVersion = 16.0.31624.102
MinimumVisualStudioVersion = 10.0.40219.1
Project("{FAE04EC0-301F-11D3-BF4B-00C04F79EFBC}") = "StandAloneCSharpParser", "StandAloneCSharpParser.csproj", "{73683DDF-45B3-4D1D-9CAE-CEE218880464}"
EndProject
Global
	GlobalSection(SolutionConfigurationPlatforms) = preSolution
		Debug|Any CPU = Debug|Any CPU
		Release|Any CPU = Release|Any CPU
	EndGlobalSection
	GlobalSection(ProjectConfigurationPlatforms) = postSolution
		{73683DDF-45B3-4D1D-9CAE-CEE218880464}.Debug|Any CPU.ActiveCfg = Debug|Any CPU
		{73683DDF-45B3-4D1D-9CAE-CEE218880464}.Debug|Any CPU.Build.0 = Debug|Any CPU
		{73683DDF-45B3-4D1D-9CAE-CEE218880464}.Release|Any CPU.ActiveCfg = Release|Any CPU
		{73683DDF-45B3-4D1D-9CAE-CEE218880464}.Release|Any CPU.Build.0 = Release|Any CPU
	EndGlobalSection
	GlobalSection(SolutionProperties) = preSolution
		HideSolutionNode = FALSE
	EndGlobalSection
	GlobalSection(ExtensibilityGlobals) = postSolution
		SolutionGuid = {AFF78CF1-489D-4C04-B575-9FCE703854F0}
	EndGlobalSection
EndGlobal
